
Microsoft Visual Studio Solution File, Format Version 12.00
# Visual Studio Version 17
VisualStudioVersion = 17.1.32328.378
MinimumVisualStudioVersion = 10.0.40219.1
Project("{FAE04EC0-301F-11D3-BF4B-00C04F79EFBC}") = "WinkelApp", "WinkelApp.csproj", "{7CEFEC2E-31F2-4767-A73D-DC110765C407}"
EndProject
Global
	GlobalSection(SolutionConfigurationPlatforms) = preSolution
		Debug|Any CPU = Debug|Any CPU
		Release|Any CPU = Release|Any CPU
	EndGlobalSection
	GlobalSection(ProjectConfigurationPlatforms) = postSolution
		{7CEFEC2E-31F2-4767-A73D-DC110765C407}.Debug|Any CPU.ActiveCfg = Debug|Any CPU
		{7CEFEC2E-31F2-4767-A73D-DC110765C407}.Debug|Any CPU.Build.0 = Debug|Any CPU
		{7CEFEC2E-31F2-4767-A73D-DC110765C407}.Release|Any CPU.ActiveCfg = Release|Any CPU
		{7CEFEC2E-31F2-4767-A73D-DC110765C407}.Release|Any CPU.Build.0 = Release|Any CPU
	EndGlobalSection
	GlobalSection(SolutionProperties) = preSolution
		HideSolutionNode = FALSE
	EndGlobalSection
	GlobalSection(ExtensibilityGlobals) = postSolution
		SolutionGuid = {88BB598D-55D7-45DF-8E19-2F9F192DB2D3}
	EndGlobalSection
EndGlobal
